{
  "requires": true,
  "lockfileVersion": 1,
  "dependencies": {
    "font-list": {
      "version": "1.1.0",
      "resolved": "https://registry.npmjs.org/font-list/-/font-list-1.1.0.tgz",
      "integrity": "sha512-INLhUfcGy7z8Mp1cJVd3TCIWvJadquShjleDn+qaaOw7YtU0uQk/Hix2AFhDECW+Kkh1XvDTPBTPxod3CXJN8w=="
    }
  }
}
